// !$*UTF8*$!
{
	archiveVersion = 1;
	classes = {
	};
	objectVersion = 46;
	objects = {

/* Begin PBXBuildFile section */
		DC3BA2751B0282D100388F97 /* AppDelegate.swift in Sources */ = {isa = PBXBuildFile; fileRef = DC3BA2741B0282D100388F97 /* AppDelegate.swift */; };
		DC3BA2771B0282D100388F97 /* ViewController.swift in Sources */ = {isa = PBXBuildFile; fileRef = DC3BA2761B0282D100388F97 /* ViewController.swift */; };
		DC3BA2791B0282D100388F97 /* Images.xcassets in Resources */ = {isa = PBXBuildFile; fileRef = DC3BA2781B0282D100388F97 /* Images.xcassets */; };
		DC3BA27C1B0282D100388F97 /* Main.storyboard in Resources */ = {isa = PBXBuildFile; fileRef = DC3BA27A1B0282D100388F97 /* Main.storyboard */; };
		DC3BA2881B0282D100388F97 /* GRunnerTests.swift in Sources */ = {isa = PBXBuildFile; fileRef = DC3BA2871B0282D100388F97 /* GRunnerTests.swift */; };
		DC3BA2921B0285D200388F97 /* Application.xib in Resources */ = {isa = PBXBuildFile; fileRef = DC3BA2911B0285D200388F97 /* Application.xib */; };
/* End PBXBuildFile section */

/* Begin PBXContainerItemProxy section */
		DC3BA2821B0282D100388F97 /* PBXContainerItemProxy */ = {
			isa = PBXContainerItemProxy;
			containerPortal = DC3BA2671B0282D100388F97 /* Project object */;
			proxyType = 1;
			remoteGlobalIDString = DC3BA26E1B0282D100388F97;
			remoteInfo = GRunner;
		};
/* End PBXContainerItemProxy section */

/* Begin PBXFileReference section */
		DC3BA26F1B0282D100388F97 /* GRunner.app */ = {isa = PBXFileReference; explicitFileType = wrapper.application; includeInIndex = 0; path = GRunner.app; sourceTree = BUILT_PRODUCTS_DIR; };
		DC3BA2731B0282D100388F97 /* Info.plist */ = {isa = PBXFileReference; lastKnownFileType = text.plist.xml; path = Info.plist; sourceTree = "<group>"; };
		DC3BA2741B0282D100388F97 /* AppDelegate.swift */ = {isa = PBXFileReference; lastKnownFileType = sourcecode.swift; path = AppDelegate.swift; sourceTree = "<group>"; };
		DC3BA2761B0282D100388F97 /* ViewController.swift */ = {isa = PBXFileReference; lastKnownFileType = sourcecode.swift; path = ViewController.swift; sourceTree = "<group>"; };
		DC3BA2781B0282D100388F97 /* Images.xcassets */ = {isa = PBXFileReference; lastKnownFileType = folder.assetcatalog; path = Images.xcassets; sourceTree = "<group>"; };
		DC3BA27B1B0282D100388F97 /* Base */ = {isa = PBXFileReference; explicitFileType = sourcecode.swift; name = Base; path = Base.lproj/Main.storyboard; sourceTree = "<group>"; };
		DC3BA2811B0282D100388F97 /* GRunnerTests.xctest */ = {isa = PBXFileReference; explicitFileType = wrapper.cfbundle; includeInIndex = 0; path = GRunnerTests.xctest; sourceTree = BUILT_PRODUCTS_DIR; };
		DC3BA2861B0282D100388F97 /* Info.plist */ = {isa = PBXFileReference; lastKnownFileType = text.plist.xml; path = Info.plist; sourceTree = "<group>"; };
		DC3BA2871B0282D100388F97 /* GRunnerTests.swift */ = {isa = PBXFileReference; lastKnownFileType = sourcecode.swift; path = GRunnerTests.swift; sourceTree = "<group>"; };
		DC3BA2911B0285D200388F97 /* Application.xib */ = {isa = PBXFileReference; fileEncoding = 4; lastKnownFileType = file.xib; path = Application.xib; sourceTree = "<group>"; };
/* End PBXFileReference section */

/* Begin PBXFrameworksBuildPhase section */
		DC3BA26C1B0282D100388F97 /* Frameworks */ = {
			isa = PBXFrameworksBuildPhase;
			buildActionMask = 2147483647;
			files = (
			);
			runOnlyForDeploymentPostprocessing = 0;
		};
		DC3BA27E1B0282D100388F97 /* Frameworks */ = {
			isa = PBXFrameworksBuildPhase;
			buildActionMask = 2147483647;
			files = (
			);
			runOnlyForDeploymentPostprocessing = 0;
		};
/* End PBXFrameworksBuildPhase section */

/* Begin PBXGroup section */
		DC3BA2661B0282D100388F97 = {
			isa = PBXGroup;
			children = (
				DC3BA2711B0282D100388F97 /* GRunner */,
				DC3BA2841B0282D100388F97 /* GRunnerTests */,
				DC3BA2701B0282D100388F97 /* Products */,
			);
			sourceTree = "<group>";
		};
		DC3BA2701B0282D100388F97 /* Products */ = {
			isa = PBXGroup;
			children = (
				DC3BA26F1B0282D100388F97 /* GRunner.app */,
				DC3BA2811B0282D100388F97 /* GRunnerTests.xctest */,
			);
			name = Products;
			sourceTree = "<group>";
		};
		DC3BA2711B0282D100388F97 /* GRunner */ = {
			isa = PBXGroup;
			children = (
				DC3BA2741B0282D100388F97 /* AppDelegate.swift */,
				DC3BA2761B0282D100388F97 /* ViewController.swift */,
				DC3BA2781B0282D100388F97 /* Images.xcassets */,
				DC3BA27A1B0282D100388F97 /* Main.storyboard */,
				DC3BA2721B0282D100388F97 /* Supporting Files */,
				DC3BA2911B0285D200388F97 /* Application.xib */,
			);
			path = GRunner;
			sourceTree = "<group>";
		};
		DC3BA2721B0282D100388F97 /* Supporting Files */ = {
			isa = PBXGroup;
			children = (
				DC3BA2731B0282D100388F97 /* Info.plist */,
			);
			name = "Supporting Files";
			sourceTree = "<group>";
		};
		DC3BA2841B0282D100388F97 /* GRunnerTests */ = {
			isa = PBXGroup;
			children = (
				DC3BA2871B0282D100388F97 /* GRunnerTests.swift */,
				DC3BA2851B0282D100388F97 /* Supporting Files */,
			);
			path = GRunnerTests;
			sourceTree = "<group>";
		};
		DC3BA2851B0282D100388F97 /* Supporting Files */ = {
			isa = PBXGroup;
			children = (
				DC3BA2861B0282D100388F97 /* Info.plist */,
			);
			name = "Supporting Files";
			sourceTree = "<group>";
		};
/* End PBXGroup section */

/* Begin PBXNativeTarget section */
		DC3BA26E1B0282D100388F97 /* GRunner */ = {
			isa = PBXNativeTarget;
			buildConfigurationList = DC3BA28B1B0282D100388F97 /* Build configuration list for PBXNativeTarget "GRunner" */;
			buildPhases = (
				DC3BA26B1B0282D100388F97 /* Sources */,
				DC3BA26C1B0282D100388F97 /* Frameworks */,
				DC3BA26D1B0282D100388F97 /* Resources */,
			);
			buildRules = (
			);
			dependencies = (
			);
			name = GRunner;
			productName = GRunner;
			productReference = DC3BA26F1B0282D100388F97 /* GRunner.app */;
			productType = "com.apple.product-type.application";
		};
		DC3BA2801B0282D100388F97 /* GRunnerTests */ = {
			isa = PBXNativeTarget;
			buildConfigurationList = DC3BA28E1B0282D100388F97 /* Build configuration list for PBXNativeTarget "GRunnerTests" */;
			buildPhases = (
				DC3BA27D1B0282D100388F97 /* Sources */,
				DC3BA27E1B0282D100388F97 /* Frameworks */,
				DC3BA27F1B0282D100388F97 /* Resources */,
			);
			buildRules = (
			);
			dependencies = (
				DC3BA2831B0282D100388F97 /* PBXTargetDependency */,
			);
			name = GRunnerTests;
			productName = GRunnerTests;
			productReference = DC3BA2811B0282D100388F97 /* GRunnerTests.xctest */;
			productType = "com.apple.product-type.bundle.unit-test";
		};
/* End PBXNativeTarget section */

/* Begin PBXProject section */
		DC3BA2671B0282D100388F97 /* Project object */ = {
			isa = PBXProject;
			attributes = {
				LastUpgradeCheck = 0630;
				ORGANIZATIONNAME = "Avnit Bambah";
				TargetAttributes = {
					DC3BA26E1B0282D100388F97 = {
						CreatedOnToolsVersion = 6.3.1;
					};
					DC3BA2801B0282D100388F97 = {
						CreatedOnToolsVersion = 6.3.1;
						TestTargetID = DC3BA26E1B0282D100388F97;
					};
				};
			};
			buildConfigurationList = DC3BA26A1B0282D100388F97 /* Build configuration list for PBXProject "GRunner" */;
			compatibilityVersion = "Xcode 3.2";
			developmentRegion = English;
			hasScannedForEncodings = 0;
			knownRegions = (
				en,
				Base,
			);
			mainGroup = DC3BA2661B0282D100388F97;
			productRefGroup = DC3BA2701B0282D100388F97 /* Products */;
			projectDirPath = "";
			projectRoot = "";
			targets = (
				DC3BA26E1B0282D100388F97 /* GRunner */,
				DC3BA2801B0282D100388F97 /* GRunnerTests */,
			);
		};
/* End PBXProject section */

/* Begin PBXResourcesBuildPhase section */
		DC3BA26D1B0282D100388F97 /* Resources */ = {
			isa = PBXResourcesBuildPhase;
			buildActionMask = 2147483647;
			files = (
				DC3BA2791B0282D100388F97 /* Images.xcassets in Resources */,
				DC3BA27C1B0282D100388F97 /* Main.storyboard in Resources */,
				DC3BA2921B0285D200388F97 /* Application.xib in Resources */,
			);
			runOnlyForDeploymentPostprocessing = 0;
		};
		DC3BA27F1B0282D100388F97 /* Resources */ = {
			isa = PBXResourcesBuildPhase;
			buildActionMask = 2147483647;
			files = (
			);
			runOnlyForDeploymentPostprocessing = 0;
		};
/* End PBXResourcesBuildPhase section */

/* Begin PBXSourcesBuildPhase section */
		DC3BA26B1B0282D100388F97 /* Sources */ = {
			isa = PBXSourcesBuildPhase;
			buildActionMask = 2147483647;
			files = (
				DC3BA2771B0282D100388F97 /* ViewController.swift in Sources */,
				DC3BA2751B0282D100388F97 /* AppDelegate.swift in Sources */,
			);
			runOnlyForDeploymentPostprocessing = 0;
		};
		DC3BA27D1B0282D100388F97 /* Sources */ = {
			isa = PBXSourcesBuildPhase;
			buildActionMask = 2147483647;
			files = (
				DC3BA2881B0282D100388F97 /* GRunnerTests.swift in Sources */,
			);
			runOnlyForDeploymentPostprocessing = 0;
		};
/* End PBXSourcesBuildPhase section */

/* Begin PBXTargetDependency section */
		DC3BA2831B0282D100388F97 /* PBXTargetDependency */ = {
			isa = PBXTargetDependency;
			target = DC3BA26E1B0282D100388F97 /* GRunner */;
			targetProxy = DC3BA2821B0282D100388F97 /* PBXContainerItemProxy */;
		};
/* End PBXTargetDependency section */

/* Begin PBXVariantGroup section */
		DC3BA27A1B0282D100388F97 /* Main.storyboard */ = {
			isa = PBXVariantGroup;
			children = (
				DC3BA27B1B0282D100388F97 /* Base */,
			);
			name = Main.storyboard;
			sourceTree = "<group>";
		};
/* End PBXVariantGroup section */

/* Begin XCBuildConfiguration section */
		DC3BA2891B0282D100388F97 /* Debug */ = {
			isa = XCBuildConfiguration;
			buildSettings = {
				ALWAYS_SEARCH_USER_PATHS = NO;
				CLANG_CXX_LANGUAGE_STANDARD = "gnu++0x";
				CLANG_CXX_LIBRARY = "libc++";
				CLANG_ENABLE_MODULES = YES;
				CLANG_ENABLE_OBJC_ARC = YES;
				CLANG_WARN_BOOL_CONVERSION = YES;
				CLANG_WARN_CONSTANT_CONVERSION = YES;
				CLANG_WARN_DIRECT_OBJC_ISA_USAGE = YES_ERROR;
				CLANG_WARN_EMPTY_BODY = YES;
				CLANG_WARN_ENUM_CONVERSION = YES;
				CLANG_WARN_INT_CONVERSION = YES;
				CLANG_WARN_OBJC_ROOT_CLASS = YES_ERROR;
				CLANG_WARN_UNREACHABLE_CODE = YES;
				CLANG_WARN__DUPLICATE_METHOD_MATCH = YES;
				CODE_SIGN_IDENTITY = "-";
				COPY_PHASE_STRIP = NO;
				DEBUG_INFORMATION_FORMAT = dwarf;
				ENABLE_STRICT_OBJC_MSGSEND = YES;
				GCC_C_LANGUAGE_STANDARD = gnu99;
				GCC_DYNAMIC_NO_PIC = NO;
				GCC_NO_COMMON_BLOCKS = YES;
				GCC_OPTIMIZATION_LEVEL = 0;
				GCC_PREPROCESSOR_DEFINITIONS = (
					"DEBUG=1",
					"$(inherited)",
				);
				GCC_SYMBOLS_PRIVATE_EXTERN = NO;
				GCC_WARN_64_TO_32_BIT_CONVERSION = YES;
				GCC_WARN_ABOUT_RETURN_TYPE = YES_ERROR;
				GCC_WARN_UNDECLARED_SELECTOR = YES;
				GCC_WARN_UNINITIALIZED_AUTOS = YES_AGGRESSIVE;
				GCC_WARN_UNUSED_FUNCTION = YES;
				GCC_WARN_UNUSED_VARIABLE = YES;
				MACOSX_DEPLOYMENT_TARGET = 10.10;
				MTL_ENABLE_DEBUG_INFO = YES;
				ONLY_ACTIVE_ARCH = YES;
				SDKROOT = macosx;
				SWIFT_OPTIMIZATION_LEVEL = "-Onone";
			};
			name = Debug;
		};
		DC3BA28A1B0282D100388F97 /* Release */ = {
			isa = XCBuildConfiguration;
			buildSettings = {
				ALWAYS_SEARCH_USER_PATHS = NO;
				CLANG_CXX_LANGUAGE_STANDARD = "gnu++0x";
				CLANG_CXX_LIBRARY = "libc++";
				CLANG_ENABLE_MODULES = YES;
				CLANG_ENABLE_OBJC_ARC = YES;
				CLANG_WARN_BOOL_CONVERSION = YES;
				CLANG_WARN_CONSTANT_CONVERSION = YES;
				CLANG_WARN_DIRECT_OBJC_ISA_USAGE = YES_ERROR;
				CLANG_WARN_EMPTY_BODY = YES;
				CLANG_WARN_ENUM_CONVERSION = YES;
				CLANG_WARN_INT_CONVERSION = YES;
				CLANG_WARN_OBJC_ROOT_CLASS = YES_ERROR;
				CLANG_WARN_UNREACHABLE_CODE = YES;
				CLANG_WARN__DUPLICATE_METHOD_MATCH = YES;
				CODE_SIGN_IDENTITY = "-";
				COPY_PHASE_STRIP = NO;
				DEBUG_INFORMATION_FORMAT = "dwarf-with-dsym";
				ENABLE_NS_ASSERTIONS = NO;
				ENABLE_STRICT_OBJC_MSGSEND = YES;
				GCC_C_LANGUAGE_STANDARD = gnu99;
				GCC_NO_COMMON_BLOCKS = YES;
				GCC_WARN_64_TO_32_BIT_CONVERSION = YES;
				GCC_WARN_ABOUT_RETURN_TYPE = YES_ERROR;
				GCC_WARN_UNDECLARED_SELECTOR = YES;
				GCC_WARN_UNINITIALIZED_AUTOS = YES_AGGRESSIVE;
				GCC_WARN_UNUSED_FUNCTION = YES;
				GCC_WARN_UNUSED_VARIABLE = YES;
				MACOSX_DEPLOYMENT_TARGET = 10.10;
				MTL_ENABLE_DEBUG_INFO = NO;
				SDKROOT = macosx;
			};
			name = Release;
		};
		DC3BA28C1B0282D100388F97 /* Debug */ = {
			isa = XCBuildConfiguration;
			buildSettings = {
				ASSETCATALOG_COMPILER_APPICON_NAME = AppIcon;
				COMBINE_HIDPI_IMAGES = YES;
				INFOPLIST_FILE = GRunner/Info.plist;
				LD_RUNPATH_SEARCH_PATHS = "$(inherited) @executable_path/../Frameworks";
				PRODUCT_NAME = "$(TARGET_NAME)";
			};
			name = Debug;
		};
		DC3BA28D1B0282D100388F97 /* Release */ = {
			isa = XCBuildConfiguration;
			buildSettings = {
				ASSETCATALOG_COMPILER_APPICON_NAME = AppIcon;
				COMBINE_HIDPI_IMAGES = YES;
				INFOPLIST_FILE = GRunner/Info.plist;
				LD_RUNPATH_SEARCH_PATHS = "$(inherited) @executable_path/../Frameworks";
				PRODUCT_NAME = "$(TARGET_NAME)";
			};
			name = Release;
		};
		DC3BA28F1B0282D100388F97 /* Debug */ = {
			isa = XCBuildConfiguration;
			buildSettings = {
				BUNDLE_LOADER = "$(TEST_HOST)";
				COMBINE_HIDPI_IMAGES = YES;
				FRAMEWORK_SEARCH_PATHS = (
					"$(DEVELOPER_FRAMEWORKS_DIR)",
					"$(inherited)",
				);
				GCC_PREPROCESSOR_DEFINITIONS = (
					"DEBUG=1",
					"$(inherited)",
				);
				INFOPLIST_FILE = GRunnerTests/Info.plist;
				LD_RUNPATH_SEARCH_PATHS = "$(inherited) @executable_path/../Frameworks @loader_path/../Frameworks";
				PRODUCT_NAME = "$(TARGET_NAME)";
				TEST_HOST = "$(BUILT_PRODUCTS_DIR)/GRunner.app/Contents/MacOS/GRunner";
			};
			name = Debug;
		};
		DC3BA2901B0282D100388F97 /* Release */ = {
			isa = XCBuildConfiguration;
			buildSettings = {
				BUNDLE_LOADER = "$(TEST_HOST)";
				COMBINE_HIDPI_IMAGES = YES;
				FRAMEWORK_SEARCH_PATHS = (
					"$(DEVELOPER_FRAMEWORKS_DIR)",
					"$(inherited)",
				);
				INFOPLIST_FILE = GRunnerTests/Info.plist;
				LD_RUNPATH_SEARCH_PATHS = "$(inherited) @executable_path/../Frameworks @loader_path/../Frameworks";
				PRODUCT_NAME = "$(TARGET_NAME)";
				TEST_HOST = "$(BUILT_PRODUCTS_DIR)/GRunner.app/Contents/MacOS/GRunner";
			};
			name = Release;
		};
/* End XCBuildConfiguration section */

/* Begin XCConfigurationList section */
		DC3BA26A1B0282D100388F97 /* Build configuration list for PBXProject "GRunner" */ = {
			isa = XCConfigurationList;
			buildConfigurations = (
				DC3BA2891B0282D100388F97 /* Debug */,
				DC3BA28A1B0282D100388F97 /* Release */,
			);
			defaultConfigurationIsVisible = 0;
			defaultConfigurationName = Release;
		};
		DC3BA28B1B0282D100388F97 /* Build configuration list for PBXNativeTarget "GRunner" */ = {
			isa = XCConfigurationList;
			buildConfigurations = (
				DC3BA28C1B0282D100388F97 /* Debug */,
				DC3BA28D1B0282D100388F97 /* Release */,
			);
			defaultConfigurationIsVisible = 0;
		};
		DC3BA28E1B0282D100388F97 /* Build configuration list for PBXNativeTarget "GRunnerTests" */ = {
			isa = XCConfigurationList;
			buildConfigurations = (
				DC3BA28F1B0282D100388F97 /* Debug */,
				DC3BA2901B0282D100388F97 /* Release */,
			);
			defaultConfigurationIsVisible = 0;
		};
/* End XCConfigurationList section */
	};
	rootObject = DC3BA2671B0282D100388F97 /* Project object */;
}
